
Microsoft Visual Studio Solution File, Format Version 12.00
# Visual Studio Version 17
VisualStudioVersion = 17.9.34701.34
MinimumVisualStudioVersion = 10.0.40219.1
Project("{FAE04EC0-301F-11D3-BF4B-00C04F79EFBC}") = "Movie", "Movie\Movie.csproj", "{B91E4973-C066-4949-A9B0-EE221326BA93}"
EndProject
Global
	GlobalSection(SolutionConfigurationPlatforms) = preSolution
		Debug|Any CPU = Debug|Any CPU
		Release|Any CPU = Release|Any CPU
	EndGlobalSection
	GlobalSection(ProjectConfigurationPlatforms) = postSolution
		{B91E4973-C066-4949-A9B0-EE221326BA93}.Debug|Any CPU.ActiveCfg = Debug|Any CPU
		{B91E4973-C066-4949-A9B0-EE221326BA93}.Debug|Any CPU.Build.0 = Debug|Any CPU
		{B91E4973-C066-4949-A9B0-EE221326BA93}.Release|Any CPU.ActiveCfg = Release|Any CPU
		{B91E4973-C066-4949-A9B0-EE221326BA93}.Release|Any CPU.Build.0 = Release|Any CPU
	EndGlobalSection
	GlobalSection(SolutionProperties) = preSolution
		HideSolutionNode = FALSE
	EndGlobalSection
	GlobalSection(ExtensibilityGlobals) = postSolution
		SolutionGuid = {029D71D0-70FF-4BF2-8E46-EBADC42967B8}
	EndGlobalSection
EndGlobal
